// !$*UTF8*$!
{
	archiveVersion = 1;
	classes = {
	};
	objectVersion = 48;
	objects = {

/* Begin PBXBuildFile section */
		184F2C6E56BBD871D1683DB6 /* Pods_LeoSync.framework in Frameworks */ = {isa = PBXBuildFile; fileRef = 7A7BA6F6781D821185E6AF71 /* Pods_LeoSync.framework */; };
		CA04D4F81FC5B8FC001DCD9E /* AppDelegate.swift in Sources */ = {isa = PBXBuildFile; fileRef = CA04D4F71FC5B8FC001DCD9E /* AppDelegate.swift */; };
		CA04D4FD1FC5B8FC001DCD9E /* Main.storyboard in Resources */ = {isa = PBXBuildFile; fileRef = CA04D4FB1FC5B8FC001DCD9E /* Main.storyboard */; };
		CA04D5051FC5B8FC001DCD9E /* LaunchScreen.storyboard in Resources */ = {isa = PBXBuildFile; fileRef = CA04D5031FC5B8FC001DCD9E /* LaunchScreen.storyboard */; };
		CA1114921FD36D5D003ED3A6 /* Photo.swift in Sources */ = {isa = PBXBuildFile; fileRef = CA1114911FD36D5D003ED3A6 /* Photo.swift */; };
		CA3D8DF81FD2FA1E00B23DDC /* InterimCameraViewController.swift in Sources */ = {isa = PBXBuildFile; fileRef = CA3D8DF71FD2FA1E00B23DDC /* InterimCameraViewController.swift */; };
		CA3D8DFB1FD3247400B23DDC /* User.swift in Sources */ = {isa = PBXBuildFile; fileRef = CA3D8DFA1FD3247400B23DDC /* User.swift */; };
		CA3FD96A1FC5DF200005674F /* LoginViewController.swift in Sources */ = {isa = PBXBuildFile; fileRef = CA3FD9691FC5DF200005674F /* LoginViewController.swift */; };
		CA3FD96C1FC5F1D30005674F /* Assets.xcassets in Resources */ = {isa = PBXBuildFile; fileRef = CA3FD96B1FC5F1CF0005674F /* Assets.xcassets */; };
		CA3FD9701FC5F5C20005674F /* UserAccountTabBarController.swift in Sources */ = {isa = PBXBuildFile; fileRef = CA3FD96F1FC5F5C20005674F /* UserAccountTabBarController.swift */; };
		CA3FD9761FC5F7F00005674F /* UserAccountViewController.swift in Sources */ = {isa = PBXBuildFile; fileRef = CA3FD9751FC5F7F00005674F /* UserAccountViewController.swift */; };
		CA3FD9781FC5FA5E0005674F /* UserToolsViewController.swift in Sources */ = {isa = PBXBuildFile; fileRef = CA3FD9771FC5FA5E0005674F /* UserToolsViewController.swift */; };
		CA3FD97A1FC603180005674F /* CameraViewController.swift in Sources */ = {isa = PBXBuildFile; fileRef = CA3FD9791FC603180005674F /* CameraViewController.swift */; };
		CA56C4761FD3BB53008066B5 /* HeaderCollectionReusableView.swift in Sources */ = {isa = PBXBuildFile; fileRef = CA56C4751FD3BB53008066B5 /* HeaderCollectionReusableView.swift */; };
		CA56C4781FD3BC51008066B5 /* MediaCollectionViewCell.swift in Sources */ = {isa = PBXBuildFile; fileRef = CA56C4771FD3BC51008066B5 /* MediaCollectionViewCell.swift */; };
		CA56C47A1FD3BD33008066B5 /* MediaCollectionViewController.swift in Sources */ = {isa = PBXBuildFile; fileRef = CA56C4791FD3BD33008066B5 /* MediaCollectionViewController.swift */; };
		CA56C47C1FD45516008066B5 /* ImageInformation.swift in Sources */ = {isa = PBXBuildFile; fileRef = CA56C47B1FD45516008066B5 /* ImageInformation.swift */; };
		CA71C3BA1FC5BA8C001FB164 /* GoogleService-Info.plist in Resources */ = {isa = PBXBuildFile; fileRef = CA71C3B91FC5BA8C001FB164 /* GoogleService-Info.plist */; };
		CADC6B621FC611DD0028DD28 /* AVFoundation.framework in Frameworks */ = {isa = PBXBuildFile; fileRef = CADC6B611FC611CE0028DD28 /* AVFoundation.framework */; };
		CADC6B631FC611DD0028DD28 /* AVKit.framework in Frameworks */ = {isa = PBXBuildFile; fileRef = CADC6B601FC611CD0028DD28 /* AVKit.framework */; };
/* End PBXBuildFile section */

/* Begin PBXFileReference section */
		7A7BA6F6781D821185E6AF71 /* Pods_LeoSync.framework */ = {isa = PBXFileReference; explicitFileType = wrapper.framework; includeInIndex = 0; path = Pods_LeoSync.framework; sourceTree = BUILT_PRODUCTS_DIR; };
		A7C573EC796A8F78E7A08D82 /* Pods-LeoSync.debug.xcconfig */ = {isa = PBXFileReference; includeInIndex = 1; lastKnownFileType = text.xcconfig; name = "Pods-LeoSync.debug.xcconfig"; path = "Pods/Target Support Files/Pods-LeoSync/Pods-LeoSync.debug.xcconfig"; sourceTree = "<group>"; };
		B461FE8CF834AC9AA2C47616 /* Pods-LeoSync.release.xcconfig */ = {isa = PBXFileReference; includeInIndex = 1; lastKnownFileType = text.xcconfig; name = "Pods-LeoSync.release.xcconfig"; path = "Pods/Target Support Files/Pods-LeoSync/Pods-LeoSync.release.xcconfig"; sourceTree = "<group>"; };
		CA04D4F41FC5B8FC001DCD9E /* LeoSync.app */ = {isa = PBXFileReference; explicitFileType = wrapper.application; includeInIndex = 0; path = LeoSync.app; sourceTree = BUILT_PRODUCTS_DIR; };
		CA04D4F71FC5B8FC001DCD9E /* AppDelegate.swift */ = {isa = PBXFileReference; lastKnownFileType = sourcecode.swift; path = AppDelegate.swift; sourceTree = "<group>"; };
		CA04D4FC1FC5B8FC001DCD9E /* Base */ = {isa = PBXFileReference; lastKnownFileType = file.storyboard; name = Base; path = Base.lproj/Main.storyboard; sourceTree = "<group>"; };
		CA04D5041FC5B8FC001DCD9E /* Base */ = {isa = PBXFileReference; lastKnownFileType = file.storyboard; name = Base; path = Base.lproj/LaunchScreen.storyboard; sourceTree = "<group>"; };
		CA04D5061FC5B8FC001DCD9E /* Info.plist */ = {isa = PBXFileReference; lastKnownFileType = text.plist.xml; path = Info.plist; sourceTree = "<group>"; };
		CA1114911FD36D5D003ED3A6 /* Photo.swift */ = {isa = PBXFileReference; lastKnownFileType = sourcecode.swift; path = Photo.swift; sourceTree = "<group>"; };
		CA3D8DF71FD2FA1E00B23DDC /* InterimCameraViewController.swift */ = {isa = PBXFileReference; lastKnownFileType = sourcecode.swift; path = InterimCameraViewController.swift; sourceTree = "<group>"; };
		CA3D8DFA1FD3247400B23DDC /* User.swift */ = {isa = PBXFileReference; lastKnownFileType = sourcecode.swift; path = User.swift; sourceTree = "<group>"; };
		CA3FD9691FC5DF200005674F /* LoginViewController.swift */ = {isa = PBXFileReference; lastKnownFileType = sourcecode.swift; path = LoginViewController.swift; sourceTree = "<group>"; };
		CA3FD96B1FC5F1CF0005674F /* Assets.xcassets */ = {isa = PBXFileReference; lastKnownFileType = folder.assetcatalog; path = Assets.xcassets; sourceTree = "<group>"; };
		CA3FD96F1FC5F5C20005674F /* UserAccountTabBarController.swift */ = {isa = PBXFileReference; lastKnownFileType = sourcecode.swift; path = UserAccountTabBarController.swift; sourceTree = "<group>"; };
		CA3FD9751FC5F7F00005674F /* UserAccountViewController.swift */ = {isa = PBXFileReference; lastKnownFileType = sourcecode.swift; path = UserAccountViewController.swift; sourceTree = "<group>"; };
		CA3FD9771FC5FA5E0005674F /* UserToolsViewController.swift */ = {isa = PBXFileReference; lastKnownFileType = sourcecode.swift; path = UserToolsViewController.swift; sourceTree = "<group>"; };
		CA3FD9791FC603180005674F /* CameraViewController.swift */ = {isa = PBXFileReference; lastKnownFileType = sourcecode.swift; path = CameraViewController.swift; sourceTree = "<group>"; };
		CA56C4751FD3BB53008066B5 /* HeaderCollectionReusableView.swift */ = {isa = PBXFileReference; lastKnownFileType = sourcecode.swift; path = HeaderCollectionReusableView.swift; sourceTree = "<group>"; };
		CA56C4771FD3BC51008066B5 /* MediaCollectionViewCell.swift */ = {isa = PBXFileReference; lastKnownFileType = sourcecode.swift; path = MediaCollectionViewCell.swift; sourceTree = "<group>"; };
		CA56C4791FD3BD33008066B5 /* MediaCollectionViewController.swift */ = {isa = PBXFileReference; lastKnownFileType = sourcecode.swift; path = MediaCollectionViewController.swift; sourceTree = "<group>"; };
		CA56C47B1FD45516008066B5 /* ImageInformation.swift */ = {isa = PBXFileReference; lastKnownFileType = sourcecode.swift; path = ImageInformation.swift; sourceTree = "<group>"; };
		CA71C3B91FC5BA8C001FB164 /* GoogleService-Info.plist */ = {isa = PBXFileReference; fileEncoding = 4; lastKnownFileType = text.plist.xml; path = "GoogleService-Info.plist"; sourceTree = "<group>"; };
		CADC6B601FC611CD0028DD28 /* AVKit.framework */ = {isa = PBXFileReference; lastKnownFileType = wrapper.framework; name = AVKit.framework; path = System/Library/Frameworks/AVKit.framework; sourceTree = SDKROOT; };
		CADC6B611FC611CE0028DD28 /* AVFoundation.framework */ = {isa = PBXFileReference; lastKnownFileType = wrapper.framework; name = AVFoundation.framework; path = System/Library/Frameworks/AVFoundation.framework; sourceTree = SDKROOT; };
/* End PBXFileReference section */

/* Begin PBXFrameworksBuildPhase section */
		CA04D4F11FC5B8FC001DCD9E /* Frameworks */ = {
			isa = PBXFrameworksBuildPhase;
			buildActionMask = 2147483647;
			files = (
				CADC6B621FC611DD0028DD28 /* AVFoundation.framework in Frameworks */,
				CADC6B631FC611DD0028DD28 /* AVKit.framework in Frameworks */,
				184F2C6E56BBD871D1683DB6 /* Pods_LeoSync.framework in Frameworks */,
			);
			runOnlyForDeploymentPostprocessing = 0;
		};
/* End PBXFrameworksBuildPhase section */

/* Begin PBXGroup section */
		13725814775A250A63DBA18F /* Frameworks */ = {
			isa = PBXGroup;
			children = (
				CADC6B611FC611CE0028DD28 /* AVFoundation.framework */,
				CADC6B601FC611CD0028DD28 /* AVKit.framework */,
				7A7BA6F6781D821185E6AF71 /* Pods_LeoSync.framework */,
			);
			name = Frameworks;
			sourceTree = "<group>";
		};
		CA04D4EB1FC5B8FC001DCD9E = {
			isa = PBXGroup;
			children = (
				CA04D4F61FC5B8FC001DCD9E /* LeoSync */,
				CA04D4F51FC5B8FC001DCD9E /* Products */,
				F7C613F090762ABC23BF7CD9 /* Pods */,
				13725814775A250A63DBA18F /* Frameworks */,
			);
			sourceTree = "<group>";
		};
		CA04D4F51FC5B8FC001DCD9E /* Products */ = {
			isa = PBXGroup;
			children = (
				CA04D4F41FC5B8FC001DCD9E /* LeoSync.app */,
			);
			name = Products;
			sourceTree = "<group>";
		};
		CA04D4F61FC5B8FC001DCD9E /* LeoSync */ = {
			isa = PBXGroup;
			children = (
				CA3D8E071FD3686600B23DDC /* Formatting */,
				CA04D50D1FC5B914001DCD9E /* Controllers */,
				CA3D8DF91FD3245F00B23DDC /* Models */,
				CA04D50F1FC5B934001DCD9E /* Storyboards */,
				CA04D50E1FC5B922001DCD9E /* Support */,
				CA3FD96B1FC5F1CF0005674F /* Assets.xcassets */,
				CA71C3B91FC5BA8C001FB164 /* GoogleService-Info.plist */,
				CA04D5061FC5B8FC001DCD9E /* Info.plist */,
			);
			path = LeoSync;
			sourceTree = "<group>";
		};
		CA04D50D1FC5B914001DCD9E /* Controllers */ = {
			isa = PBXGroup;
			children = (
				CA3FD9691FC5DF200005674F /* LoginViewController.swift */,
				CA3FD96F1FC5F5C20005674F /* UserAccountTabBarController.swift */,
				CA3FD9751FC5F7F00005674F /* UserAccountViewController.swift */,
				CA3FD9771FC5FA5E0005674F /* UserToolsViewController.swift */,
				CA3FD9791FC603180005674F /* CameraViewController.swift */,
				CA3D8DF71FD2FA1E00B23DDC /* InterimCameraViewController.swift */,
				CA56C4791FD3BD33008066B5 /* MediaCollectionViewController.swift */,
			);
			path = Controllers;
			sourceTree = "<group>";
		};
		CA04D50E1FC5B922001DCD9E /* Support */ = {
			isa = PBXGroup;
			children = (
				CA04D4F71FC5B8FC001DCD9E /* AppDelegate.swift */,
			);
			path = Support;
			sourceTree = "<group>";
		};
		CA04D50F1FC5B934001DCD9E /* Storyboards */ = {
			isa = PBXGroup;
			children = (
				CA04D4FB1FC5B8FC001DCD9E /* Main.storyboard */,
				CA04D5031FC5B8FC001DCD9E /* LaunchScreen.storyboard */,
			);
			path = Storyboards;
			sourceTree = "<group>";
		};
		CA3D8DF91FD3245F00B23DDC /* Models */ = {
			isa = PBXGroup;
			children = (
				CA3D8DFA1FD3247400B23DDC /* User.swift */,
				CA1114911FD36D5D003ED3A6 /* Photo.swift */,
				CA56C47B1FD45516008066B5 /* ImageInformation.swift */,
			);
			path = Models;
			sourceTree = "<group>";
		};
		CA3D8E071FD3686600B23DDC /* Formatting */ = {
			isa = PBXGroup;
			children = (
				CA56C4751FD3BB53008066B5 /* HeaderCollectionReusableView.swift */,
				CA56C4771FD3BC51008066B5 /* MediaCollectionViewCell.swift */,
			);
			path = Formatting;
			sourceTree = "<group>";
		};
		F7C613F090762ABC23BF7CD9 /* Pods */ = {
			isa = PBXGroup;
			children = (
				A7C573EC796A8F78E7A08D82 /* Pods-LeoSync.debug.xcconfig */,
				B461FE8CF834AC9AA2C47616 /* Pods-LeoSync.release.xcconfig */,
			);
			name = Pods;
			sourceTree = "<group>";
		};
/* End PBXGroup section */

/* Begin PBXNativeTarget section */
		CA04D4F31FC5B8FC001DCD9E /* LeoSync */ = {
			isa = PBXNativeTarget;
			buildConfigurationList = CA04D5091FC5B8FC001DCD9E /* Build configuration list for PBXNativeTarget "LeoSync" */;
			buildPhases = (
				1C2E92A9222EF787A24268D6 /* [CP] Check Pods Manifest.lock */,
				CA04D4F01FC5B8FC001DCD9E /* Sources */,
				CA04D4F11FC5B8FC001DCD9E /* Frameworks */,
				CA04D4F21FC5B8FC001DCD9E /* Resources */,
				F68BE46FDA2D33389C8CA4DA /* [CP] Embed Pods Frameworks */,
				C9A95B3AFFE056705098F6E0 /* [CP] Copy Pods Resources */,
			);
			buildRules = (
			);
			dependencies = (
			);
			name = LeoSync;
			productName = LeoSync;
			productReference = CA04D4F41FC5B8FC001DCD9E /* LeoSync.app */;
			productType = "com.apple.product-type.application";
		};
/* End PBXNativeTarget section */

/* Begin PBXProject section */
		CA04D4EC1FC5B8FC001DCD9E /* Project object */ = {
			isa = PBXProject;
			attributes = {
				LastSwiftUpdateCheck = 0910;
				LastUpgradeCheck = 0910;
				ORGANIZATIONNAME = "408 Industries";
				TargetAttributes = {
					CA04D4F31FC5B8FC001DCD9E = {
						CreatedOnToolsVersion = 9.1;
						ProvisioningStyle = Automatic;
					};
				};
			};
			buildConfigurationList = CA04D4EF1FC5B8FC001DCD9E /* Build configuration list for PBXProject "LeoSync" */;
			compatibilityVersion = "Xcode 8.0";
			developmentRegion = en;
			hasScannedForEncodings = 0;
			knownRegions = (
				en,
				Base,
			);
			mainGroup = CA04D4EB1FC5B8FC001DCD9E;
			productRefGroup = CA04D4F51FC5B8FC001DCD9E /* Products */;
			projectDirPath = "";
			projectRoot = "";
			targets = (
				CA04D4F31FC5B8FC001DCD9E /* LeoSync */,
			);
		};
/* End PBXProject section */

/* Begin PBXResourcesBuildPhase section */
		CA04D4F21FC5B8FC001DCD9E /* Resources */ = {
			isa = PBXResourcesBuildPhase;
			buildActionMask = 2147483647;
			files = (
				CA04D5051FC5B8FC001DCD9E /* LaunchScreen.storyboard in Resources */,
				CA71C3BA1FC5BA8C001FB164 /* GoogleService-Info.plist in Resources */,
				CA3FD96C1FC5F1D30005674F /* Assets.xcassets in Resources */,
				CA04D4FD1FC5B8FC001DCD9E /* Main.storyboard in Resources */,
			);
			runOnlyForDeploymentPostprocessing = 0;
		};
/* End PBXResourcesBuildPhase section */

/* Begin PBXShellScriptBuildPhase section */
		1C2E92A9222EF787A24268D6 /* [CP] Check Pods Manifest.lock */ = {
			isa = PBXShellScriptBuildPhase;
			buildActionMask = 2147483647;
			files = (
			);
			inputPaths = (
				"${PODS_PODFILE_DIR_PATH}/Podfile.lock",
				"${PODS_ROOT}/Manifest.lock",
			);
			name = "[CP] Check Pods Manifest.lock";
			outputPaths = (
				"$(DERIVED_FILE_DIR)/Pods-LeoSync-checkManifestLockResult.txt",
			);
			runOnlyForDeploymentPostprocessing = 0;
			shellPath = /bin/sh;
			shellScript = "diff \"${PODS_PODFILE_DIR_PATH}/Podfile.lock\" \"${PODS_ROOT}/Manifest.lock\" > /dev/null\nif [ $? != 0 ] ; then\n    # print error to STDERR\n    echo \"error: The sandbox is not in sync with the Podfile.lock. Run 'pod install' or update your CocoaPods installation.\" >&2\n    exit 1\nfi\n# This output is used by Xcode 'outputs' to avoid re-running this script phase.\necho \"SUCCESS\" > \"${SCRIPT_OUTPUT_FILE_0}\"\n";
			showEnvVarsInLog = 0;
		};
		C9A95B3AFFE056705098F6E0 /* [CP] Copy Pods Resources */ = {
			isa = PBXShellScriptBuildPhase;
			buildActionMask = 2147483647;
			files = (
			);
			inputPaths = (
			);
			name = "[CP] Copy Pods Resources";
			outputPaths = (
			);
			runOnlyForDeploymentPostprocessing = 0;
			shellPath = /bin/sh;
			shellScript = "\"${SRCROOT}/Pods/Target Support Files/Pods-LeoSync/Pods-LeoSync-resources.sh\"\n";
			showEnvVarsInLog = 0;
		};
		F68BE46FDA2D33389C8CA4DA /* [CP] Embed Pods Frameworks */ = {
			isa = PBXShellScriptBuildPhase;
			buildActionMask = 2147483647;
			files = (
			);
			inputPaths = (
				"${SRCROOT}/Pods/Target Support Files/Pods-LeoSync/Pods-LeoSync-frameworks.sh",
				"${BUILT_PRODUCTS_DIR}/GTMSessionFetcher/GTMSessionFetcher.framework",
				"${BUILT_PRODUCTS_DIR}/GoogleToolboxForMac/GoogleToolboxForMac.framework",
				"${BUILT_PRODUCTS_DIR}/IQKeyboardManager/IQKeyboardManager.framework",
				"${BUILT_PRODUCTS_DIR}/IQKeyboardManagerSwift/IQKeyboardManagerSwift.framework",
				"${BUILT_PRODUCTS_DIR}/leveldb-library/leveldb.framework",
				"${BUILT_PRODUCTS_DIR}/nanopb/nanopb.framework",
			);
			name = "[CP] Embed Pods Frameworks";
			outputPaths = (
				"${TARGET_BUILD_DIR}/${FRAMEWORKS_FOLDER_PATH}/GTMSessionFetcher.framework",
				"${TARGET_BUILD_DIR}/${FRAMEWORKS_FOLDER_PATH}/GoogleToolboxForMac.framework",
				"${TARGET_BUILD_DIR}/${FRAMEWORKS_FOLDER_PATH}/IQKeyboardManager.framework",
				"${TARGET_BUILD_DIR}/${FRAMEWORKS_FOLDER_PATH}/IQKeyboardManagerSwift.framework",
				"${TARGET_BUILD_DIR}/${FRAMEWORKS_FOLDER_PATH}/leveldb.framework",
				"${TARGET_BUILD_DIR}/${FRAMEWORKS_FOLDER_PATH}/nanopb.framework",
			);
			runOnlyForDeploymentPostprocessing = 0;
			shellPath = /bin/sh;
			shellScript = "\"${SRCROOT}/Pods/Target Support Files/Pods-LeoSync/Pods-LeoSync-frameworks.sh\"\n";
			showEnvVarsInLog = 0;
		};
/* End PBXShellScriptBuildPhase section */

/* Begin PBXSourcesBuildPhase section */
		CA04D4F01FC5B8FC001DCD9E /* Sources */ = {
			isa = PBXSourcesBuildPhase;
			buildActionMask = 2147483647;
			files = (
				CA3FD9761FC5F7F00005674F /* UserAccountViewController.swift in Sources */,
				CA3FD96A1FC5DF200005674F /* LoginViewController.swift in Sources */,
				CA3FD9781FC5FA5E0005674F /* UserToolsViewController.swift in Sources */,
				CA1114921FD36D5D003ED3A6 /* Photo.swift in Sources */,
				CA04D4F81FC5B8FC001DCD9E /* AppDelegate.swift in Sources */,
				CA56C47C1FD45516008066B5 /* ImageInformation.swift in Sources */,
				CA56C47A1FD3BD33008066B5 /* MediaCollectionViewController.swift in Sources */,
				CA3D8DFB1FD3247400B23DDC /* User.swift in Sources */,
				CA3FD9701FC5F5C20005674F /* UserAccountTabBarController.swift in Sources */,
				CA3D8DF81FD2FA1E00B23DDC /* InterimCameraViewController.swift in Sources */,
				CA56C4761FD3BB53008066B5 /* HeaderCollectionReusableView.swift in Sources */,
				CA56C4781FD3BC51008066B5 /* MediaCollectionViewCell.swift in Sources */,
				CA3FD97A1FC603180005674F /* CameraViewController.swift in Sources */,
			);
			runOnlyForDeploymentPostprocessing = 0;
		};
/* End PBXSourcesBuildPhase section */

/* Begin PBXVariantGroup section */
		CA04D4FB1FC5B8FC001DCD9E /* Main.storyboard */ = {
			isa = PBXVariantGroup;
			children = (
				CA04D4FC1FC5B8FC001DCD9E /* Base */,
			);
			name = Main.storyboard;
			sourceTree = "<group>";
		};
		CA04D5031FC5B8FC001DCD9E /* LaunchScreen.storyboard */ = {
			isa = PBXVariantGroup;
			children = (
				CA04D5041FC5B8FC001DCD9E /* Base */,
			);
			name = LaunchScreen.storyboard;
			sourceTree = "<group>";
		};
/* End PBXVariantGroup section */

/* Begin XCBuildConfiguration section */
		CA04D5071FC5B8FC001DCD9E /* Debug */ = {
			isa = XCBuildConfiguration;
			buildSettings = {
				ALWAYS_SEARCH_USER_PATHS = NO;
				CLANG_ANALYZER_NONNULL = YES;
				CLANG_ANALYZER_NUMBER_OBJECT_CONVERSION = YES_AGGRESSIVE;
				CLANG_CXX_LANGUAGE_STANDARD = "gnu++14";
				CLANG_CXX_LIBRARY = "libc++";
				CLANG_ENABLE_MODULES = YES;
				CLANG_ENABLE_OBJC_ARC = YES;
				CLANG_WARN_BLOCK_CAPTURE_AUTORELEASING = YES;
				CLANG_WARN_BOOL_CONVERSION = YES;
				CLANG_WARN_COMMA = YES;
				CLANG_WARN_CONSTANT_CONVERSION = YES;
				CLANG_WARN_DIRECT_OBJC_ISA_USAGE = YES_ERROR;
				CLANG_WARN_DOCUMENTATION_COMMENTS = YES;
				CLANG_WARN_EMPTY_BODY = YES;
				CLANG_WARN_ENUM_CONVERSION = YES;
				CLANG_WARN_INFINITE_RECURSION = YES;
				CLANG_WARN_INT_CONVERSION = YES;
				CLANG_WARN_NON_LITERAL_NULL_CONVERSION = YES;
				CLANG_WARN_OBJC_LITERAL_CONVERSION = YES;
				CLANG_WARN_OBJC_ROOT_CLASS = YES_ERROR;
				CLANG_WARN_RANGE_LOOP_ANALYSIS = YES;
				CLANG_WARN_STRICT_PROTOTYPES = YES;
				CLANG_WARN_SUSPICIOUS_MOVE = YES;
				CLANG_WARN_UNGUARDED_AVAILABILITY = YES_AGGRESSIVE;
				CLANG_WARN_UNREACHABLE_CODE = YES;
				CLANG_WARN__DUPLICATE_METHOD_MATCH = YES;
				CODE_SIGN_IDENTITY = "iPhone Developer";
				COPY_PHASE_STRIP = NO;
				DEBUG_INFORMATION_FORMAT = dwarf;
				ENABLE_STRICT_OBJC_MSGSEND = YES;
				ENABLE_TESTABILITY = YES;
				GCC_C_LANGUAGE_STANDARD = gnu11;
				GCC_DYNAMIC_NO_PIC = NO;
				GCC_NO_COMMON_BLOCKS = YES;
				GCC_OPTIMIZATION_LEVEL = 0;
				GCC_PREPROCESSOR_DEFINITIONS = (
					"DEBUG=1",
					"$(inherited)",
				);
				GCC_WARN_64_TO_32_BIT_CONVERSION = YES;
				GCC_WARN_ABOUT_RETURN_TYPE = YES_ERROR;
				GCC_WARN_UNDECLARED_SELECTOR = YES;
				GCC_WARN_UNINITIALIZED_AUTOS = YES_AGGRESSIVE;
				GCC_WARN_UNUSED_FUNCTION = YES;
				GCC_WARN_UNUSED_VARIABLE = YES;
				IPHONEOS_DEPLOYMENT_TARGET = 11.1;
				MTL_ENABLE_DEBUG_INFO = YES;
				ONLY_ACTIVE_ARCH = YES;
				SDKROOT = iphoneos;
				SWIFT_ACTIVE_COMPILATION_CONDITIONS = DEBUG;
				SWIFT_OPTIMIZATION_LEVEL = "-Onone";
			};
			name = Debug;
		};
		CA04D5081FC5B8FC001DCD9E /* Release */ = {
			isa = XCBuildConfiguration;
			buildSettings = {
				ALWAYS_SEARCH_USER_PATHS = NO;
				CLANG_ANALYZER_NONNULL = YES;
				CLANG_ANALYZER_NUMBER_OBJECT_CONVERSION = YES_AGGRESSIVE;
				CLANG_CXX_LANGUAGE_STANDARD = "gnu++14";
				CLANG_CXX_LIBRARY = "libc++";
				CLANG_ENABLE_MODULES = YES;
				CLANG_ENABLE_OBJC_ARC = YES;
				CLANG_WARN_BLOCK_CAPTURE_AUTORELEASING = YES;
				CLANG_WARN_BOOL_CONVERSION = YES;
				CLANG_WARN_COMMA = YES;
				CLANG_WARN_CONSTANT_CONVERSION = YES;
				CLANG_WARN_DIRECT_OBJC_ISA_USAGE = YES_ERROR;
				CLANG_WARN_DOCUMENTATION_COMMENTS = YES;
				CLANG_WARN_EMPTY_BODY = YES;
				CLANG_WARN_ENUM_CONVERSION = YES;
				CLANG_WARN_INFINITE_RECURSION = YES;
				CLANG_WARN_INT_CONVERSION = YES;
				CLANG_WARN_NON_LITERAL_NULL_CONVERSION = YES;
				CLANG_WARN_OBJC_LITERAL_CONVERSION = YES;
				CLANG_WARN_OBJC_ROOT_CLASS = YES_ERROR;
				CLANG_WARN_RANGE_LOOP_ANALYSIS = YES;
				CLANG_WARN_STRICT_PROTOTYPES = YES;
				CLANG_WARN_SUSPICIOUS_MOVE = YES;
				CLANG_WARN_UNGUARDED_AVAILABILITY = YES_AGGRESSIVE;
				CLANG_WARN_UNREACHABLE_CODE = YES;
				CLANG_WARN__DUPLICATE_METHOD_MATCH = YES;
				CODE_SIGN_IDENTITY = "iPhone Developer";
				COPY_PHASE_STRIP = NO;
				DEBUG_INFORMATION_FORMAT = "dwarf-with-dsym";
				ENABLE_NS_ASSERTIONS = NO;
				ENABLE_STRICT_OBJC_MSGSEND = YES;
				GCC_C_LANGUAGE_STANDARD = gnu11;
				GCC_NO_COMMON_BLOCKS = YES;
				GCC_WARN_64_TO_32_BIT_CONVERSION = YES;
				GCC_WARN_ABOUT_RETURN_TYPE = YES_ERROR;
				GCC_WARN_UNDECLARED_SELECTOR = YES;
				GCC_WARN_UNINITIALIZED_AUTOS = YES_AGGRESSIVE;
				GCC_WARN_UNUSED_FUNCTION = YES;
				GCC_WARN_UNUSED_VARIABLE = YES;
				IPHONEOS_DEPLOYMENT_TARGET = 11.1;
				MTL_ENABLE_DEBUG_INFO = NO;
				SDKROOT = iphoneos;
				SWIFT_OPTIMIZATION_LEVEL = "-Owholemodule";
				VALIDATE_PRODUCT = YES;
			};
			name = Release;
		};
		CA04D50A1FC5B8FC001DCD9E /* Debug */ = {
			isa = XCBuildConfiguration;
			baseConfigurationReference = A7C573EC796A8F78E7A08D82 /* Pods-LeoSync.debug.xcconfig */;
			buildSettings = {
				ASSETCATALOG_COMPILER_APPICON_NAME = AppIcon;
				CODE_SIGN_STYLE = Automatic;
				DEVELOPMENT_TEAM = LD3R48EZL8;
				INFOPLIST_FILE = LeoSync/Info.plist;
				LD_RUNPATH_SEARCH_PATHS = "$(inherited) @executable_path/Frameworks";
				PRODUCT_BUNDLE_IDENTIFIER = com.408industries.LeoSync;
				PRODUCT_NAME = "$(TARGET_NAME)";
				SWIFT_VERSION = 4.0;
				TARGETED_DEVICE_FAMILY = "1,2";
			};
			name = Debug;
		};
		CA04D50B1FC5B8FC001DCD9E /* Release */ = {
			isa = XCBuildConfiguration;
			baseConfigurationReference = B461FE8CF834AC9AA2C47616 /* Pods-LeoSync.release.xcconfig */;
			buildSettings = {
				ASSETCATALOG_COMPILER_APPICON_NAME = AppIcon;
				CODE_SIGN_STYLE = Automatic;
				DEVELOPMENT_TEAM = LD3R48EZL8;
				INFOPLIST_FILE = LeoSync/Info.plist;
				LD_RUNPATH_SEARCH_PATHS = "$(inherited) @executable_path/Frameworks";
				PRODUCT_BUNDLE_IDENTIFIER = com.408industries.LeoSync;
				PRODUCT_NAME = "$(TARGET_NAME)";
				SWIFT_VERSION = 4.0;
				TARGETED_DEVICE_FAMILY = "1,2";
			};
			name = Release;
		};
/* End XCBuildConfiguration section */

/* Begin XCConfigurationList section */
		CA04D4EF1FC5B8FC001DCD9E /* Build configuration list for PBXProject "LeoSync" */ = {
			isa = XCConfigurationList;
			buildConfigurations = (
				CA04D5071FC5B8FC001DCD9E /* Debug */,
				CA04D5081FC5B8FC001DCD9E /* Release */,
			);
			defaultConfigurationIsVisible = 0;
			defaultConfigurationName = Release;
		};
		CA04D5091FC5B8FC001DCD9E /* Build configuration list for PBXNativeTarget "LeoSync" */ = {
			isa = XCConfigurationList;
			buildConfigurations = (
				CA04D50A1FC5B8FC001DCD9E /* Debug */,
				CA04D50B1FC5B8FC001DCD9E /* Release */,
			);
			defaultConfigurationIsVisible = 0;
			defaultConfigurationName = Release;
		};
/* End XCConfigurationList section */
	};
	rootObject = CA04D4EC1FC5B8FC001DCD9E /* Project object */;
}
